
Microsoft Visual Studio Solution File, Format Version 12.00
# Visual Studio Version 18
VisualStudioVersion = 18.8.12105.206
MinimumVisualStudioVersion = 10.0.40219.1
Project("{FAE04EC0-301F-11D3-BF4B-00C04F79EFBC}") = "Core", "Core\Core.csproj", "{F80C4E72-27A0-12B5-0634-DD5C11CFB0C1}"
EndProject
Project("{FAE04EC0-301F-11D3-BF4B-00C04F79EFBC}") = "Tests", "Tests\Tests.csproj", "{17E403C4-2A1F-2BB1-90DF-3757F020B454}"
EndProject
Project("{FAE04EC0-301F-11D3-BF4B-00C04F79EFBC}") = "Domain", "Domain\Domain.csproj", "{E528BBC3-1C26-8C35-F682-23718816ADCD}"
EndProject
Global
	GlobalSection(SolutionConfigurationPlatforms) = preSolution
		Debug|Any CPU = Debug|Any CPU
		Release|Any CPU = Release|Any CPU
	EndGlobalSection
	GlobalSection(ProjectConfigurationPlatforms) = postSolution
		{F80C4E72-27A0-12B5-0634-DD5C11CFB0C1}.Debug|Any CPU.ActiveCfg = Debug|Any CPU
		{F80C4E72-27A0-12B5-0634-DD5C11CFB0C1}.Debug|Any CPU.Build.0 = Debug|Any CPU
		{F80C4E72-27A0-12B5-0634-DD5C11CFB0C1}.Release|Any CPU.ActiveCfg = Release|Any CPU
		{F80C4E72-27A0-12B5-0634-DD5C11CFB0C1}.Release|Any CPU.Build.0 = Release|Any CPU
		{17E403C4-2A1F-2BB1-90DF-3757F020B454}.Debug|Any CPU.ActiveCfg = Debug|Any CPU
		{17E403C4-2A1F-2BB1-90DF-3757F020B454}.Debug|Any CPU.Build.0 = Debug|Any CPU
		{17E403C4-2A1F-2BB1-90DF-3757F020B454}.Release|Any CPU.ActiveCfg = Release|Any CPU
		{17E403C4-2A1F-2BB1-90DF-3757F020B454}.Release|Any CPU.Build.0 = Release|Any CPU
		{E528BBC3-1C26-8C35-F682-23718816ADCD}.Debug|Any CPU.ActiveCfg = Debug|Any CPU
		{E528BBC3-1C26-8C35-F682-23718816ADCD}.Debug|Any CPU.Build.0 = Debug|Any CPU
		{E528BBC3-1C26-8C35-F682-23718816ADCD}.Release|Any CPU.ActiveCfg = Release|Any CPU
		{E528BBC3-1C26-8C35-F682-23718816ADCD}.Release|Any CPU.Build.0 = Release|Any CPU
	EndGlobalSection
	GlobalSection(SolutionProperties) = preSolution
		HideSolutionNode = FALSE
	EndGlobalSection
	GlobalSection(ExtensibilityGlobals) = postSolution
		SolutionGuid = {6F86B1B6-93B6-4D95-BE06-23AFDBDD424A}
	EndGlobalSection
EndGlobal
